Microsoft Visual Studio Solution File, Format Version 12.00
# Visual Studio Version 18
VisualStudioVersion = 18.2.11415.280 d18.0
MinimumVisualStudioVersion = 10.0.40219.1
Project("{FAE04EC0-301F-11D3-BF4B-00C04F79EFBC}") = "OnlineMedicalSystem", "OnlineMedicalSystem.csproj", "{612021E0-AFFC-4CA8-94C9-F0D6C4F60FF3}"
EndProject
Global
	GlobalSection(SolutionConfigurationPlatforms) = preSolution
		Debug|Any CPU = Debug|Any CPU
		Release|Any CPU = Release|Any CPU
	EndGlobalSection
	GlobalSection(ProjectConfigurationPlatforms) = postSolution
		{612021E0-AFFC-4CA8-94C9-F0D6C4F60FF3}.Debug|Any CPU.ActiveCfg = Debug|Any CPU
		{612021E0-AFFC-4CA8-94C9-F0D6C4F60FF3}.Debug|Any CPU.Build.0 = Debug|Any CPU
		{612021E0-AFFC-4CA8-94C9-F0D6C4F60FF3}.Release|Any CPU.ActiveCfg = Release|Any CPU
		{612021E0-AFFC-4CA8-94C9-F0D6C4F60FF3}.Release|Any CPU.Build.0 = Release|Any CPU
	EndGlobalSection
	GlobalSection(SolutionProperties) = preSolution
		HideSolutionNode = FALSE
	EndGlobalSection
	GlobalSection(ExtensibilityGlobals) = postSolution
		SolutionGuid = {9B0C2351-1E3C-4540-8ABD-F515F25E1F68}
	EndGlobalSection
EndGlobal
